
Microsoft Visual Studio Solution File, Format Version 12.00
# Visual Studio Version 17
VisualStudioVersion = 17.0.31903.59
MinimumVisualStudioVersion = 10.0.40219.1
Project("{2150E333-8FDC-42A3-9474-1A3956D46DE8}") = "src", "src", "{827E0CD3-B72D-47B6-A68D-7590B98EB39B}"
EndProject
Project("{FAE04EC0-301F-11D3-BF4B-00C04F79EFBC}") = "NovaKey.Data", "src\NovaKey.Data\NovaKey.Data.csproj", "{9B751A97-D5AD-460C-AEA1-8766600CDC14}"
EndProject
Project("{FAE04EC0-301F-11D3-BF4B-00C04F79EFBC}") = "NovaKey.Desktop", "src\NovaKey.Desktop\NovaKey.Desktop.csproj", "{8544D42B-4564-4917-A199-DF4A2FF66662}"
EndProject
Project("{2150E333-8FDC-42A3-9474-1A3956D46DE8}") = "NovaKey.ExternalApi", "NovaKey.ExternalApi", "{E6947F73-3A22-C01B-0B00-A6977A2CB855}"
EndProject
Project("{FAE04EC0-301F-11D3-BF4B-00C04F79EFBC}") = "NovaKey.ExternalApi.BlockChainApi", "src\NovaKey.ExternalApi\Novakey.ExternalApi.BlockChainApi\NovaKey.ExternalApi.BlockChainApi.csproj", "{47E220B9-AAD2-4E35-AD6E-ECA89A701EA7}"
EndProject
Project("{FAE04EC0-301F-11D3-BF4B-00C04F79EFBC}") = "NovaKey.ExternalApi.PricesApi", "src\NovaKey.ExternalApi\NovaKey.ExternalApi.PricesApi\NovaKey.ExternalApi.PricesApi.csproj", "{36717132-98C4-416F-B968-552AD3FEB4CC}"
EndProject
Project("{FAE04EC0-301F-11D3-BF4B-00C04F79EFBC}") = "NovaKey.Utils", "src\NovaKey.Utils\NovaKey.Utils.csproj", "{C157BD58-B00A-4653-8838-28CECF9D797C}"
EndProject
Project("{FAE04EC0-301F-11D3-BF4B-00C04F79EFBC}") = "NovaKey.Wallet", "src\NovaKey.Wallet\NovaKey.Wallet.csproj", "{853F053D-B310-475E-A2CF-337A0A962DC9}"
EndProject
Project("{FAE04EC0-301F-11D3-BF4B-00C04F79EFBC}") = "NovaKey.Web", "src\NovaKey.Web\NovaKey.Web.csproj", "{74D5FE52-C744-4E9C-B431-BD07BC800994}"
EndProject
Project("{2150E333-8FDC-42A3-9474-1A3956D46DE8}") = "tests", "tests", "{0AB3BF05-4346-4AA6-1389-037BE0695223}"
EndProject
Project("{FAE04EC0-301F-11D3-BF4B-00C04F79EFBC}") = "NovaKey.Data.Tests", "tests\NovaKey.Data.Tests\NovaKey.Data.Tests.csproj", "{10ABFAFE-923C-4AB4-A94E-2BA7C27ACED4}"
EndProject
Project("{FAE04EC0-301F-11D3-BF4B-00C04F79EFBC}") = "Novakey.ExternalApi.Tests", "tests\Novakey.ExternalApi.Tests\Novakey.ExternalApi.Tests.csproj", "{DD5EEE4B-15A2-46A3-A26B-47031ADD175A}"
EndProject
Project("{FAE04EC0-301F-11D3-BF4B-00C04F79EFBC}") = "NovaKey.Utils.Tests", "tests\NovaKey.Utils.Tests\NovaKey.Utils.Tests.csproj", "{7C985DD2-2216-4745-BFE0-22AE0BAAB763}"
EndProject
Project("{FAE04EC0-301F-11D3-BF4B-00C04F79EFBC}") = "NovaKey.Wallet.Tests", "tests\NovaKey.Wallet.Tests\NovaKey.Wallet.Tests.csproj", "{C586EBFC-1894-4EBC-99A9-0CC18188C4C0}"
EndProject
Global
	GlobalSection(SolutionConfigurationPlatforms) = preSolution
		Debug|Any CPU = Debug|Any CPU
		Debug|x64 = Debug|x64
		Debug|x86 = Debug|x86
		Release|Any CPU = Release|Any CPU
		Release|x64 = Release|x64
		Release|x86 = Release|x86
	EndGlobalSection
	GlobalSection(ProjectConfigurationPlatforms) = postSolution
		{9B751A97-D5AD-460C-AEA1-8766600CDC14}.Debug|Any CPU.ActiveCfg = Debug|Any CPU
		{9B751A97-D5AD-460C-AEA1-8766600CDC14}.Debug|Any CPU.Build.0 = Debug|Any CPU
		{9B751A97-D5AD-460C-AEA1-8766600CDC14}.Debug|x64.ActiveCfg = Debug|Any CPU
		{9B751A97-D5AD-460C-AEA1-8766600CDC14}.Debug|x64.Build.0 = Debug|Any CPU
		{9B751A97-D5AD-460C-AEA1-8766600CDC14}.Debug|x86.ActiveCfg = Debug|Any CPU
		{9B751A97-D5AD-460C-AEA1-8766600CDC14}.Debug|x86.Build.0 = Debug|Any CPU
		{9B751A97-D5AD-460C-AEA1-8766600CDC14}.Release|Any CPU.ActiveCfg = Release|Any CPU
		{9B751A97-D5AD-460C-AEA1-8766600CDC14}.Release|Any CPU.Build.0 = Release|Any CPU
		{9B751A97-D5AD-460C-AEA1-8766600CDC14}.Release|x64.ActiveCfg = Release|Any CPU
		{9B751A97-D5AD-460C-AEA1-8766600CDC14}.Release|x64.Build.0 = Release|Any CPU
		{9B751A97-D5AD-460C-AEA1-8766600CDC14}.Release|x86.ActiveCfg = Release|Any CPU
		{9B751A97-D5AD-460C-AEA1-8766600CDC14}.Release|x86.Build.0 = Release|Any CPU
		{8544D42B-4564-4917-A199-DF4A2FF66662}.Debug|Any CPU.ActiveCfg = Debug|Any CPU
		{8544D42B-4564-4917-A199-DF4A2FF66662}.Debug|Any CPU.Build.0 = Debug|Any CPU
		{8544D42B-4564-4917-A199-DF4A2FF66662}.Debug|x64.ActiveCfg = Debug|Any CPU
		{8544D42B-4564-4917-A199-DF4A2FF66662}.Debug|x64.Build.0 = Debug|Any CPU
		{8544D42B-4564-4917-A199-DF4A2FF66662}.Debug|x86.ActiveCfg = Debug|Any CPU
		{8544D42B-4564-4917-A199-DF4A2FF66662}.Debug|x86.Build.0 = Debug|Any CPU
		{8544D42B-4564-4917-A199-DF4A2FF66662}.Release|Any CPU.ActiveCfg = Release|Any CPU
		{8544D42B-4564-4917-A199-DF4A2FF66662}.Release|Any CPU.Build.0 = Release|Any CPU
		{8544D42B-4564-4917-A199-DF4A2FF66662}.Release|x64.ActiveCfg = Release|Any CPU
		{8544D42B-4564-4917-A199-DF4A2FF66662}.Release|x64.Build.0 = Release|Any CPU
		{8544D42B-4564-4917-A199-DF4A2FF66662}.Release|x86.ActiveCfg = Release|Any CPU
		{8544D42B-4564-4917-A199-DF4A2FF66662}.Release|x86.Build.0 = Release|Any CPU
		{47E220B9-AAD2-4E35-AD6E-ECA89A701EA7}.Debug|Any CPU.ActiveCfg = Debug|Any CPU
		{47E220B9-AAD2-4E35-AD6E-ECA89A701EA7}.Debug|Any CPU.Build.0 = Debug|Any CPU
		{47E220B9-AAD2-4E35-AD6E-ECA89A701EA7}.Debug|x64.ActiveCfg = Debug|Any CPU
		{47E220B9-AAD2-4E35-AD6E-ECA89A701EA7}.Debug|x64.Build.0 = Debug|Any CPU
		{47E220B9-AAD2-4E35-AD6E-ECA89A701EA7}.Debug|x86.ActiveCfg = Debug|Any CPU
		{47E220B9-AAD2-4E35-AD6E-ECA89A701EA7}.Debug|x86.Build.0 = Debug|Any CPU
		{47E220B9-AAD2-4E35-AD6E-ECA89A701EA7}.Release|Any CPU.ActiveCfg = Release|Any CPU
		{47E220B9-AAD2-4E35-AD6E-ECA89A701EA7}.Release|Any CPU.Build.0 = Release|Any CPU
		{47E220B9-AAD2-4E35-AD6E-ECA89A701EA7}.Release|x64.ActiveCfg = Release|Any CPU
		{47E220B9-AAD2-4E35-AD6E-ECA89A701EA7}.Release|x64.Build.0 = Release|Any CPU
		{47E220B9-AAD2-4E35-AD6E-ECA89A701EA7}.Release|x86.ActiveCfg = Release|Any CPU
		{47E220B9-AAD2-4E35-AD6E-ECA89A701EA7}.Release|x86.Build.0 = Release|Any CPU
		{36717132-98C4-416F-B968-552AD3FEB4CC}.Debug|Any CPU.ActiveCfg = Debug|Any CPU
		{36717132-98C4-416F-B968-552AD3FEB4CC}.Debug|Any CPU.Build.0 = Debug|Any CPU
		{36717132-98C4-416F-B968-552AD3FEB4CC}.Debug|x64.ActiveCfg = Debug|Any CPU
		{36717132-98C4-416F-B968-552AD3FEB4CC}.Debug|x64.Build.0 = Debug|Any CPU
		{36717132-98C4-416F-B968-552AD3FEB4CC}.Debug|x86.ActiveCfg = Debug|Any CPU
		{36717132-98C4-416F-B968-552AD3FEB4CC}.Debug|x86.Build.0 = Debug|Any CPU
		{36717132-98C4-416F-B968-552AD3FEB4CC}.Release|Any CPU.ActiveCfg = Release|Any CPU
		{36717132-98C4-416F-B968-552AD3FEB4CC}.Release|Any CPU.Build.0 = Release|Any CPU
		{36717132-98C4-416F-B968-552AD3FEB4CC}.Release|x64.ActiveCfg = Release|Any CPU
		{36717132-98C4-416F-B968-552AD3FEB4CC}.Release|x64.Build.0 = Release|Any CPU
		{36717132-98C4-416F-B968-552AD3FEB4CC}.Release|x86.ActiveCfg = Release|Any CPU
		{36717132-98C4-416F-B968-552AD3FEB4CC}.Release|x86.Build.0 = Release|Any CPU
		{C157BD58-B00A-4653-8838-28CECF9D797C}.Debug|Any CPU.ActiveCfg = Debug|Any CPU
		{C157BD58-B00A-4653-8838-28CECF9D797C}.Debug|Any CPU.Build.0 = Debug|Any CPU
		{C157BD58-B00A-4653-8838-28CECF9D797C}.Debug|x64.ActiveCfg = Debug|Any CPU
		{C157BD58-B00A-4653-8838-28CECF9D797C}.Debug|x64.Build.0 = Debug|Any CPU
		{C157BD58-B00A-4653-8838-28CECF9D797C}.Debug|x86.ActiveCfg = Debug|Any CPU
		{C157BD58-B00A-4653-8838-28CECF9D797C}.Debug|x86.Build.0 = Debug|Any CPU
		{C157BD58-B00A-4653-8838-28CECF9D797C}.Release|Any CPU.ActiveCfg = Release|Any CPU
		{C157BD58-B00A-4653-8838-28CECF9D797C}.Release|Any CPU.Build.0 = Release|Any CPU
		{C157BD58-B00A-4653-8838-28CECF9D797C}.Release|x64.ActiveCfg = Release|Any CPU
		{C157BD58-B00A-4653-8838-28CECF9D797C}.Release|x64.Build.0 = Release|Any CPU
		{C157BD58-B00A-4653-8838-28CECF9D797C}.Release|x86.ActiveCfg = Release|Any CPU
		{C157BD58-B00A-4653-8838-28CECF9D797C}.Release|x86.Build.0 = Release|Any CPU
		{853F053D-B310-475E-A2CF-337A0A962DC9}.Debug|Any CPU.ActiveCfg = Debug|Any CPU
		{853F053D-B310-475E-A2CF-337A0A962DC9}.Debug|Any CPU.Build.0 = Debug|Any CPU
		{853F053D-B310-475E-A2CF-337A0A962DC9}.Debug|x64.ActiveCfg = Debug|Any CPU
		{853F053D-B310-475E-A2CF-337A0A962DC9}.Debug|x64.Build.0 = Debug|Any CPU
		{853F053D-B310-475E-A2CF-337A0A962DC9}.Debug|x86.ActiveCfg = Debug|Any CPU
		{853F053D-B310-475E-A2CF-337A0A962DC9}.Debug|x86.Build.0 = Debug|Any CPU
		{853F053D-B310-475E-A2CF-337A0A962DC9}.Release|Any CPU.ActiveCfg = Release|Any CPU
		{853F053D-B310-475E-A2CF-337A0A962DC9}.Release|Any CPU.Build.0 = Release|Any CPU
		{853F053D-B310-475E-A2CF-337A0A962DC9}.Release|x64.ActiveCfg = Release|Any CPU
		{853F053D-B310-475E-A2CF-337A0A962DC9}.Release|x64.Build.0 = Release|Any CPU
		{853F053D-B310-475E-A2CF-337A0A962DC9}.Release|x86.ActiveCfg = Release|Any CPU
		{853F053D-B310-475E-A2CF-337A0A962DC9}.Release|x86.Build.0 = Release|Any CPU
		{74D5FE52-C744-4E9C-B431-BD07BC800994}.Debug|Any CPU.ActiveCfg = Debug|Any CPU
		{74D5FE52-C744-4E9C-B431-BD07BC800994}.Debug|Any CPU.Build.0 = Debug|Any CPU
		{74D5FE52-C744-4E9C-B431-BD07BC800994}.Debug|x64.ActiveCfg = Debug|Any CPU
		{74D5FE52-C744-4E9C-B431-BD07BC800994}.Debug|x64.Build.0 = Debug|Any CPU
		{74D5FE52-C744-4E9C-B431-BD07BC800994}.Debug|x86.ActiveCfg = Debug|Any CPU
		{74D5FE52-C744-4E9C-B431-BD07BC800994}.Debug|x86.Build.0 = Debug|Any CPU
		{74D5FE52-C744-4E9C-B431-BD07BC800994}.Release|Any CPU.ActiveCfg = Release|Any CPU
		{74D5FE52-C744-4E9C-B431-BD07BC800994}.Release|Any CPU.Build.0 = Release|Any CPU
		{74D5FE52-C744-4E9C-B431-BD07BC800994}.Release|x64.ActiveCfg = Release|Any CPU
		{74D5FE52-C744-4E9C-B431-BD07BC800994}.Release|x64.Build.0 = Release|Any CPU
		{74D5FE52-C744-4E9C-B431-BD07BC800994}.Release|x86.ActiveCfg = Release|Any CPU
		{74D5FE52-C744-4E9C-B431-BD07BC800994}.Release|x86.Build.0 = Release|Any CPU
		{10ABFAFE-923C-4AB4-A94E-2BA7C27ACED4}.Debug|Any CPU.ActiveCfg = Debug|Any CPU
		{10ABFAFE-923C-4AB4-A94E-2BA7C27ACED4}.Debug|Any CPU.Build.0 = Debug|Any CPU
		{10ABFAFE-923C-4AB4-A94E-2BA7C27ACED4}.Debug|x64.ActiveCfg = Debug|Any CPU
		{10ABFAFE-923C-4AB4-A94E-2BA7C27ACED4}.Debug|x64.Build.0 = Debug|Any CPU
		{10ABFAFE-923C-4AB4-A94E-2BA7C27ACED4}.Debug|x86.ActiveCfg = Debug|Any CPU
		{10ABFAFE-923C-4AB4-A94E-2BA7C27ACED4}.Debug|x86.Build.0 = Debug|Any CPU
		{10ABFAFE-923C-4AB4-A94E-2BA7C27ACED4}.Release|Any CPU.ActiveCfg = Release|Any CPU
		{10ABFAFE-923C-4AB4-A94E-2BA7C27ACED4}.Release|Any CPU.Build.0 = Release|Any CPU
		{10ABFAFE-923C-4AB4-A94E-2BA7C27ACED4}.Release|x64.ActiveCfg = Release|Any CPU
		{10ABFAFE-923C-4AB4-A94E-2BA7C27ACED4}.Release|x64.Build.0 = Release|Any CPU
		{10ABFAFE-923C-4AB4-A94E-2BA7C27ACED4}.Release|x86.ActiveCfg = Release|Any CPU
		{10ABFAFE-923C-4AB4-A94E-2BA7C27ACED4}.Release|x86.Build.0 = Release|Any CPU
		{DD5EEE4B-15A2-46A3-A26B-47031ADD175A}.Debug|Any CPU.ActiveCfg = Debug|Any CPU
		{DD5EEE4B-15A2-46A3-A26B-47031ADD175A}.Debug|Any CPU.Build.0 = Debug|Any CPU
		{DD5EEE4B-15A2-46A3-A26B-47031ADD175A}.Debug|x64.ActiveCfg = Debug|Any CPU
		{DD5EEE4B-15A2-46A3-A26B-47031ADD175A}.Debug|x64.Build.0 = Debug|Any CPU
		{DD5EEE4B-15A2-46A3-A26B-47031ADD175A}.Debug|x86.ActiveCfg = Debug|Any CPU
		{DD5EEE4B-15A2-46A3-A26B-47031ADD175A}.Debug|x86.Build.0 = Debug|Any CPU
		{DD5EEE4B-15A2-46A3-A26B-47031ADD175A}.Release|Any CPU.ActiveCfg = Release|Any CPU
		{DD5EEE4B-15A2-46A3-A26B-47031ADD175A}.Release|Any CPU.Build.0 = Release|Any CPU
		{DD5EEE4B-15A2-46A3-A26B-47031ADD175A}.Release|x64.ActiveCfg = Release|Any CPU
		{DD5EEE4B-15A2-46A3-A26B-47031ADD175A}.Release|x64.Build.0 = Release|Any CPU
		{DD5EEE4B-15A2-46A3-A26B-47031ADD175A}.Release|x86.ActiveCfg = Release|Any CPU
		{DD5EEE4B-15A2-46A3-A26B-47031ADD175A}.Release|x86.Build.0 = Release|Any CPU
		{7C985DD2-2216-4745-BFE0-22AE0BAAB763}.Debug|Any CPU.ActiveCfg = Debug|Any CPU
		{7C985DD2-2216-4745-BFE0-22AE0BAAB763}.Debug|Any CPU.Build.0 = Debug|Any CPU
		{7C985DD2-2216-4745-BFE0-22AE0BAAB763}.Debug|x64.ActiveCfg = Debug|Any CPU
		{7C985DD2-2216-4745-BFE0-22AE0BAAB763}.Debug|x64.Build.0 = Debug|Any CPU
		{7C985DD2-2216-4745-BFE0-22AE0BAAB763}.Debug|x86.ActiveCfg = Debug|Any CPU
		{7C985DD2-2216-4745-BFE0-22AE0BAAB763}.Debug|x86.Build.0 = Debug|Any CPU
		{7C985DD2-2216-4745-BFE0-22AE0BAAB763}.Release|Any CPU.ActiveCfg = Release|Any CPU
		{7C985DD2-2216-4745-BFE0-22AE0BAAB763}.Release|Any CPU.Build.0 = Release|Any CPU
		{7C985DD2-2216-4745-BFE0-22AE0BAAB763}.Release|x64.ActiveCfg = Release|Any CPU
		{7C985DD2-2216-4745-BFE0-22AE0BAAB763}.Release|x64.Build.0 = Release|Any CPU
		{7C985DD2-2216-4745-BFE0-22AE0BAAB763}.Release|x86.ActiveCfg = Release|Any CPU
		{7C985DD2-2216-4745-BFE0-22AE0BAAB763}.Release|x86.Build.0 = Release|Any CPU
		{C586EBFC-1894-4EBC-99A9-0CC18188C4C0}.Debug|Any CPU.ActiveCfg = Debug|Any CPU
		{C586EBFC-1894-4EBC-99A9-0CC18188C4C0}.Debug|Any CPU.Build.0 = Debug|Any CPU
		{C586EBFC-1894-4EBC-99A9-0CC18188C4C0}.Debug|x64.ActiveCfg = Debug|Any CPU
		{C586EBFC-1894-4EBC-99A9-0CC18188C4C0}.Debug|x64.Build.0 = Debug|Any CPU
		{C586EBFC-1894-4EBC-99A9-0CC18188C4C0}.Debug|x86.ActiveCfg = Debug|Any CPU
		{C586EBFC-1894-4EBC-99A9-0CC18188C4C0}.Debug|x86.Build.0 = Debug|Any CPU
		{C586EBFC-1894-4EBC-99A9-0CC18188C4C0}.Release|Any CPU.ActiveCfg = Release|Any CPU
		{C586EBFC-1894-4EBC-99A9-0CC18188C4C0}.Release|Any CPU.Build.0 = Release|Any CPU
		{C586EBFC-1894-4EBC-99A9-0CC18188C4C0}.Release|x64.ActiveCfg = Release|Any CPU
		{C586EBFC-1894-4EBC-99A9-0CC18188C4C0}.Release|x64.Build.0 = Release|Any CPU
		{C586EBFC-1894-4EBC-99A9-0CC18188C4C0}.Release|x86.ActiveCfg = Release|Any CPU
		{C586EBFC-1894-4EBC-99A9-0CC18188C4C0}.Release|x86.Build.0 = Release|Any CPU
	EndGlobalSection
	GlobalSection(SolutionProperties) = preSolution
		HideSolutionNode = FALSE
	EndGlobalSection
	GlobalSection(NestedProjects) = preSolution
		{9B751A97-D5AD-460C-AEA1-8766600CDC14} = {827E0CD3-B72D-47B6-A68D-7590B98EB39B}
		{8544D42B-4564-4917-A199-DF4A2FF66662} = {827E0CD3-B72D-47B6-A68D-7590B98EB39B}
		{E6947F73-3A22-C01B-0B00-A6977A2CB855} = {827E0CD3-B72D-47B6-A68D-7590B98EB39B}
		{47E220B9-AAD2-4E35-AD6E-ECA89A701EA7} = {E6947F73-3A22-C01B-0B00-A6977A2CB855}
		{36717132-98C4-416F-B968-552AD3FEB4CC} = {E6947F73-3A22-C01B-0B00-A6977A2CB855}
		{C157BD58-B00A-4653-8838-28CECF9D797C} = {827E0CD3-B72D-47B6-A68D-7590B98EB39B}
		{853F053D-B310-475E-A2CF-337A0A962DC9} = {827E0CD3-B72D-47B6-A68D-7590B98EB39B}
		{74D5FE52-C744-4E9C-B431-BD07BC800994} = {827E0CD3-B72D-47B6-A68D-7590B98EB39B}
		{10ABFAFE-923C-4AB4-A94E-2BA7C27ACED4} = {0AB3BF05-4346-4AA6-1389-037BE0695223}
		{DD5EEE4B-15A2-46A3-A26B-47031ADD175A} = {0AB3BF05-4346-4AA6-1389-037BE0695223}
		{7C985DD2-2216-4745-BFE0-22AE0BAAB763} = {0AB3BF05-4346-4AA6-1389-037BE0695223}
		{C586EBFC-1894-4EBC-99A9-0CC18188C4C0} = {0AB3BF05-4346-4AA6-1389-037BE0695223}
	EndGlobalSection
	GlobalSection(ExtensibilityGlobals) = postSolution
		SolutionGuid = {98081760-F09A-4458-917E-D0C22550D859}
	EndGlobalSection
EndGlobal
